
Microsoft Visual Studio Solution File, Format Version 12.00
# Visual Studio 2015
Project("{FAE04EC0-301F-11D3-BF4B-00C04F79EFBC}") = "Project 45.CSharp.Plugins", "Project 45.CSharp.Plugins.csproj", "{A661A7AC-2C46-A1E4-BA43-A6D04EAECA21}"
EndProject
Project("{FAE04EC0-301F-11D3-BF4B-00C04F79EFBC}") = "Project 45.CSharp", "Project 45.CSharp.csproj", "{737E48B2-0735-A848-EBF3-4B466FE5D9BC}"
EndProject
Project("{FAE04EC0-301F-11D3-BF4B-00C04F79EFBC}") = "Project 45.CSharp.Editor", "Project 45.CSharp.Editor.csproj", "{749E1C46-75AB-0B7A-9386-0A886709002B}"
EndProject
Global
	GlobalSection(SolutionConfigurationPlatforms) = preSolution
		Debug|Any CPU = Debug|Any CPU
		Release|Any CPU = Release|Any CPU
	EndGlobalSection
	GlobalSection(ProjectConfigurationPlatforms) = postSolution
		{A661A7AC-2C46-A1E4-BA43-A6D04EAECA21}.Debug|Any CPU.ActiveCfg = Debug|Any CPU
		{A661A7AC-2C46-A1E4-BA43-A6D04EAECA21}.Debug|Any CPU.Build.0 = Debug|Any CPU
		{A661A7AC-2C46-A1E4-BA43-A6D04EAECA21}.Release|Any CPU.ActiveCfg = Release|Any CPU
		{A661A7AC-2C46-A1E4-BA43-A6D04EAECA21}.Release|Any CPU.Build.0 = Release|Any CPU
		{737E48B2-0735-A848-EBF3-4B466FE5D9BC}.Debug|Any CPU.ActiveCfg = Debug|Any CPU
		{737E48B2-0735-A848-EBF3-4B466FE5D9BC}.Debug|Any CPU.Build.0 = Debug|Any CPU
		{737E48B2-0735-A848-EBF3-4B466FE5D9BC}.Release|Any CPU.ActiveCfg = Release|Any CPU
		{737E48B2-0735-A848-EBF3-4B466FE5D9BC}.Release|Any CPU.Build.0 = Release|Any CPU
		{749E1C46-75AB-0B7A-9386-0A886709002B}.Debug|Any CPU.ActiveCfg = Debug|Any CPU
		{749E1C46-75AB-0B7A-9386-0A886709002B}.Debug|Any CPU.Build.0 = Debug|Any CPU
		{749E1C46-75AB-0B7A-9386-0A886709002B}.Release|Any CPU.ActiveCfg = Release|Any CPU
		{749E1C46-75AB-0B7A-9386-0A886709002B}.Release|Any CPU.Build.0 = Release|Any CPU
	EndGlobalSection
	GlobalSection(SolutionProperties) = preSolution
		HideSolutionNode = FALSE
	EndGlobalSection
EndGlobal
